
Microsoft Visual Studio Solution File, Format Version 12.00
# Visual Studio 15
Project("{FAE04EC0-301F-11D3-BF4B-00C04F79EFBC}") = "Assembly-CSharp", "Assembly-CSharp.csproj", "{CDFB8585-C233-09B5-E122-011BA25BC6AA}"
EndProject
Global
	GlobalSection(SolutionConfigurationPlatforms) = preSolution
		Debug|Any CPU = Debug|Any CPU
		Release|Any CPU = Release|Any CPU
	EndGlobalSection
	GlobalSection(ProjectConfigurationPlatforms) = postSolution
		{CDFB8585-C233-09B5-E122-011BA25BC6AA}.Debug|Any CPU.ActiveCfg = Debug|Any CPU
		{CDFB8585-C233-09B5-E122-011BA25BC6AA}.Debug|Any CPU.Build.0 = Debug|Any CPU
		{CDFB8585-C233-09B5-E122-011BA25BC6AA}.Release|Any CPU.ActiveCfg = Release|Any CPU
		{CDFB8585-C233-09B5-E122-011BA25BC6AA}.Release|Any CPU.Build.0 = Release|Any CPU
	EndGlobalSection
	GlobalSection(SolutionProperties) = preSolution
		HideSolutionNode = FALSE
	EndGlobalSection
EndGlobal
